// !$*UTF8*$!
{
	archiveVersion = 1;
	classes = {
	};
	objectVersion = 56;
	objects = {

/* Begin PBXBuildFile section */
		0F12C64B2C443BCB00899BE6 /* InspectableSheet.swift in Sources */ = {isa = PBXBuildFile; fileRef = 0F12C64A2C443BCB00899BE6 /* InspectableSheet.swift */; };
		0F131FA62C2886FF00C2DA67 /* TestableView.swift in Sources */ = {isa = PBXBuildFile; fileRef = 0F131FA52C2886FF00C2DA67 /* TestableView.swift */; };
		0F131FA82C28871300C2DA67 /* UpdateTestableView.swift in Sources */ = {isa = PBXBuildFile; fileRef = 0F131FA72C28871300C2DA67 /* UpdateTestableView.swift */; };
		0F131FAA2C288DA500C2DA67 /* CodeChoice.swift in Sources */ = {isa = PBXBuildFile; fileRef = 0F131FA92C288DA500C2DA67 /* CodeChoice.swift */; };
		0F131FAC2C288E2500C2DA67 /* CodeChoiceTests.swift in Sources */ = {isa = PBXBuildFile; fileRef = 0F131FAB2C288E2500C2DA67 /* CodeChoiceTests.swift */; };
		0F1F6ED12BA759C7001611A4 /* ViewInspector in Frameworks */ = {isa = PBXBuildFile; productRef = 0F1F6ED02BA759C7001611A4 /* ViewInspector */; };
		0F3891382C56AF00008BE930 /* SecretMakerTests.swift in Sources */ = {isa = PBXBuildFile; fileRef = 0F3891372C56AF00008BE930 /* SecretMakerTests.swift */; };
		0F38913A2C56B201008BE930 /* SecretMaker.swift in Sources */ = {isa = PBXBuildFile; fileRef = 0F3891392C56B201008BE930 /* SecretMaker.swift */; };
		0F7025192B72E88B006327F4 /* MastermindApp.swift in Sources */ = {isa = PBXBuildFile; fileRef = 0F7025182B72E88B006327F4 /* MastermindApp.swift */; };
		0F70251B2B72E88B006327F4 /* GameScreen.swift in Sources */ = {isa = PBXBuildFile; fileRef = 0F70251A2B72E88B006327F4 /* GameScreen.swift */; };
		0F70251D2B72E88C006327F4 /* Assets.xcassets in Resources */ = {isa = PBXBuildFile; fileRef = 0F70251C2B72E88C006327F4 /* Assets.xcassets */; };
		0F7025202B72E88C006327F4 /* Preview Assets.xcassets in Resources */ = {isa = PBXBuildFile; fileRef = 0F70251F2B72E88C006327F4 /* Preview Assets.xcassets */; };
		0F92F81E2CB2FDD2001B2656 /* SecretTests.swift in Sources */ = {isa = PBXBuildFile; fileRef = 0F92F81D2CB2FDD2001B2656 /* SecretTests.swift */; };
		0FBA16252C6927FE00D1D3EF /* Game.swift in Sources */ = {isa = PBXBuildFile; fileRef = 0FBA16242C6927FE00D1D3EF /* Game.swift */; };
		0FBA16272C69288100D1D3EF /* GameTests.swift in Sources */ = {isa = PBXBuildFile; fileRef = 0FBA16262C69288100D1D3EF /* GameTests.swift */; };
		0FEFB6D22C8E1678006F05D7 /* GuessTests.swift in Sources */ = {isa = PBXBuildFile; fileRef = 0FEFB6D12C8E1678006F05D7 /* GuessTests.swift */; };
		0FEFB6D42C8E1757006F05D7 /* Guess.swift in Sources */ = {isa = PBXBuildFile; fileRef = 0FEFB6D32C8E1757006F05D7 /* Guess.swift */; };
		0FF5DCE32B73497600D7E358 /* GameScreenTests.swift in Sources */ = {isa = PBXBuildFile; fileRef = 0FF5DCE22B73497600D7E358 /* GameScreenTests.swift */; };
/* End PBXBuildFile section */

/* Begin PBXContainerItemProxy section */
		0F70252E2B72E913006327F4 /* PBXContainerItemProxy */ = {
			isa = PBXContainerItemProxy;
			containerPortal = 0F70250D2B72E88B006327F4 /* Project object */;
			proxyType = 1;
			remoteGlobalIDString = 0F7025142B72E88B006327F4;
			remoteInfo = Mastermind;
		};
/* End PBXContainerItemProxy section */

/* Begin PBXFileReference section */
		0F12C64A2C443BCB00899BE6 /* InspectableSheet.swift */ = {isa = PBXFileReference; lastKnownFileType = sourcecode.swift; path = InspectableSheet.swift; sourceTree = "<group>"; };
		0F131FA52C2886FF00C2DA67 /* TestableView.swift */ = {isa = PBXFileReference; fileEncoding = 4; lastKnownFileType = sourcecode.swift; path = TestableView.swift; sourceTree = "<group>"; };
		0F131FA72C28871300C2DA67 /* UpdateTestableView.swift */ = {isa = PBXFileReference; fileEncoding = 4; lastKnownFileType = sourcecode.swift; path = UpdateTestableView.swift; sourceTree = "<group>"; };
		0F131FA92C288DA500C2DA67 /* CodeChoice.swift */ = {isa = PBXFileReference; lastKnownFileType = sourcecode.swift; path = CodeChoice.swift; sourceTree = "<group>"; };
		0F131FAB2C288E2500C2DA67 /* CodeChoiceTests.swift */ = {isa = PBXFileReference; lastKnownFileType = sourcecode.swift; path = CodeChoiceTests.swift; sourceTree = "<group>"; };
		0F3891372C56AF00008BE930 /* SecretMakerTests.swift */ = {isa = PBXFileReference; lastKnownFileType = sourcecode.swift; path = SecretMakerTests.swift; sourceTree = "<group>"; };
		0F3891392C56B201008BE930 /* SecretMaker.swift */ = {isa = PBXFileReference; lastKnownFileType = sourcecode.swift; path = SecretMaker.swift; sourceTree = "<group>"; };
		0F7025152B72E88B006327F4 /* Mastermind.app */ = {isa = PBXFileReference; explicitFileType = wrapper.application; includeInIndex = 0; path = Mastermind.app; sourceTree = BUILT_PRODUCTS_DIR; };
		0F7025182B72E88B006327F4 /* MastermindApp.swift */ = {isa = PBXFileReference; lastKnownFileType = sourcecode.swift; path = MastermindApp.swift; sourceTree = "<group>"; };
		0F70251A2B72E88B006327F4 /* GameScreen.swift */ = {isa = PBXFileReference; lastKnownFileType = sourcecode.swift; path = GameScreen.swift; sourceTree = "<group>"; };
		0F70251C2B72E88C006327F4 /* Assets.xcassets */ = {isa = PBXFileReference; lastKnownFileType = folder.assetcatalog; path = Assets.xcassets; sourceTree = "<group>"; };
		0F70251F2B72E88C006327F4 /* Preview Assets.xcassets */ = {isa = PBXFileReference; lastKnownFileType = folder.assetcatalog; path = "Preview Assets.xcassets"; sourceTree = "<group>"; };
		0F70252A2B72E913006327F4 /* MastermindTests.xctest */ = {isa = PBXFileReference; explicitFileType = wrapper.cfbundle; includeInIndex = 0; path = MastermindTests.xctest; sourceTree = BUILT_PRODUCTS_DIR; };
		0F7025332B72EB4B006327F4 /* MastermindTests.xctestplan */ = {isa = PBXFileReference; lastKnownFileType = text; path = MastermindTests.xctestplan; sourceTree = "<group>"; };
		0F92CB1D2B9E56DF001F8E20 /* XcodeWarnings.xcconfig */ = {isa = PBXFileReference; lastKnownFileType = text.xcconfig; path = XcodeWarnings.xcconfig; sourceTree = "<group>"; };
		0F92F81D2CB2FDD2001B2656 /* SecretTests.swift */ = {isa = PBXFileReference; lastKnownFileType = sourcecode.swift; path = SecretTests.swift; sourceTree = "<group>"; };
		0FBA16242C6927FE00D1D3EF /* Game.swift */ = {isa = PBXFileReference; lastKnownFileType = sourcecode.swift; path = Game.swift; sourceTree = "<group>"; };
		0FBA16262C69288100D1D3EF /* GameTests.swift */ = {isa = PBXFileReference; lastKnownFileType = sourcecode.swift; path = GameTests.swift; sourceTree = "<group>"; };
		0FEFB6D12C8E1678006F05D7 /* GuessTests.swift */ = {isa = PBXFileReference; lastKnownFileType = sourcecode.swift; path = GuessTests.swift; sourceTree = "<group>"; };
		0FEFB6D32C8E1757006F05D7 /* Guess.swift */ = {isa = PBXFileReference; lastKnownFileType = sourcecode.swift; path = Guess.swift; sourceTree = "<group>"; };
		0FF5DCE22B73497600D7E358 /* GameScreenTests.swift */ = {isa = PBXFileReference; fileEncoding = 4; lastKnownFileType = sourcecode.swift; path = GameScreenTests.swift; sourceTree = "<group>"; };
/* End PBXFileReference section */

/* Begin PBXFrameworksBuildPhase section */
		0F7025122B72E88B006327F4 /* Frameworks */ = {
			isa = PBXFrameworksBuildPhase;
			buildActionMask = 2147483647;
			files = (
			);
			runOnlyForDeploymentPostprocessing = 0;
		};
		0F7025272B72E913006327F4 /* Frameworks */ = {
			isa = PBXFrameworksBuildPhase;
			buildActionMask = 2147483647;
			files = (
				0F1F6ED12BA759C7001611A4 /* ViewInspector in Frameworks */,
			);
			runOnlyForDeploymentPostprocessing = 0;
		};
/* End PBXFrameworksBuildPhase section */

/* Begin PBXGroup section */
		0F70250C2B72E88B006327F4 = {
			isa = PBXGroup;
			children = (
				0F92CB1D2B9E56DF001F8E20 /* XcodeWarnings.xcconfig */,
				0F7025332B72EB4B006327F4 /* MastermindTests.xctestplan */,
				0F7025172B72E88B006327F4 /* Mastermind */,
				0F70252B2B72E913006327F4 /* MastermindTests */,
				0F7025162B72E88B006327F4 /* Products */,
			);
			sourceTree = "<group>";
		};
		0F7025162B72E88B006327F4 /* Products */ = {
			isa = PBXGroup;
			children = (
				0F7025152B72E88B006327F4 /* Mastermind.app */,
				0F70252A2B72E913006327F4 /* MastermindTests.xctest */,
			);
			name = Products;
			sourceTree = "<group>";
		};
		0F7025172B72E88B006327F4 /* Mastermind */ = {
			isa = PBXGroup;
			children = (
				0F70251C2B72E88C006327F4 /* Assets.xcassets */,
				0F131FA92C288DA500C2DA67 /* CodeChoice.swift */,
				0FBA16242C6927FE00D1D3EF /* Game.swift */,
				0F70251A2B72E88B006327F4 /* GameScreen.swift */,
				0FEFB6D32C8E1757006F05D7 /* Guess.swift */,
				0F12C64A2C443BCB00899BE6 /* InspectableSheet.swift */,
				0F7025182B72E88B006327F4 /* MastermindApp.swift */,
				0F70251E2B72E88C006327F4 /* Preview Content */,
				0F3891392C56B201008BE930 /* SecretMaker.swift */,
				0F131FA52C2886FF00C2DA67 /* TestableView.swift */,
			);
			path = Mastermind;
			sourceTree = "<group>";
		};
		0F70251E2B72E88C006327F4 /* Preview Content */ = {
			isa = PBXGroup;
			children = (
				0F70251F2B72E88C006327F4 /* Preview Assets.xcassets */,
			);
			path = "Preview Content";
			sourceTree = "<group>";
		};
		0F70252B2B72E913006327F4 /* MastermindTests */ = {
			isa = PBXGroup;
			children = (
				0F131FAB2C288E2500C2DA67 /* CodeChoiceTests.swift */,
				0FF5DCE22B73497600D7E358 /* GameScreenTests.swift */,
				0FBA16262C69288100D1D3EF /* GameTests.swift */,
				0FEFB6D12C8E1678006F05D7 /* GuessTests.swift */,
				0F3891372C56AF00008BE930 /* SecretMakerTests.swift */,
				0F92F81D2CB2FDD2001B2656 /* SecretTests.swift */,
				0F131FA72C28871300C2DA67 /* UpdateTestableView.swift */,
			);
			path = MastermindTests;
			sourceTree = "<group>";
		};
/* End PBXGroup section */

/* Begin PBXNativeTarget section */
		0F7025142B72E88B006327F4 /* Mastermind */ = {
			isa = PBXNativeTarget;
			buildConfigurationList = 0F7025232B72E88C006327F4 /* Build configuration list for PBXNativeTarget "Mastermind" */;
			buildPhases = (
				0F7025112B72E88B006327F4 /* Sources */,
				0F7025122B72E88B006327F4 /* Frameworks */,
				0F7025132B72E88B006327F4 /* Resources */,
			);
			buildRules = (
			);
			dependencies = (
			);
			name = Mastermind;
			productName = Mastermind;
			productReference = 0F7025152B72E88B006327F4 /* Mastermind.app */;
			productType = "com.apple.product-type.application";
		};
		0F7025292B72E913006327F4 /* MastermindTests */ = {
			isa = PBXNativeTarget;
			buildConfigurationList = 0F7025322B72E913006327F4 /* Build configuration list for PBXNativeTarget "MastermindTests" */;
			buildPhases = (
				0F7025262B72E913006327F4 /* Sources */,
				0F7025272B72E913006327F4 /* Frameworks */,
				0F7025282B72E913006327F4 /* Resources */,
			);
			buildRules = (
			);
			dependencies = (
				0F70252F2B72E913006327F4 /* PBXTargetDependency */,
			);
			name = MastermindTests;
			packageProductDependencies = (
				0F1F6ED02BA759C7001611A4 /* ViewInspector */,
			);
			productName = MastermindTests;
			productReference = 0F70252A2B72E913006327F4 /* MastermindTests.xctest */;
			productType = "com.apple.product-type.bundle.unit-test";
		};
/* End PBXNativeTarget section */

/* Begin PBXProject section */
		0F70250D2B72E88B006327F4 /* Project object */ = {
			isa = PBXProject;
			attributes = {
				BuildIndependentTargetsInParallel = 1;
				LastSwiftUpdateCheck = 1520;
				LastUpgradeCheck = 1520;
				TargetAttributes = {
					0F7025142B72E88B006327F4 = {
						CreatedOnToolsVersion = 15.2;
					};
					0F7025292B72E913006327F4 = {
						CreatedOnToolsVersion = 15.2;
						TestTargetID = 0F7025142B72E88B006327F4;
					};
				};
			};
			buildConfigurationList = 0F7025102B72E88B006327F4 /* Build configuration list for PBXProject "Mastermind" */;
			compatibilityVersion = "Xcode 14.0";
			developmentRegion = en;
			hasScannedForEncodings = 0;
			knownRegions = (
				en,
				Base,
			);
			mainGroup = 0F70250C2B72E88B006327F4;
			packageReferences = (
				0F1F6ECF2BA759C7001611A4 /* XCRemoteSwiftPackageReference "ViewInspector" */,
			);
			productRefGroup = 0F7025162B72E88B006327F4 /* Products */;
			projectDirPath = "";
			projectRoot = "";
			targets = (
				0F7025142B72E88B006327F4 /* Mastermind */,
				0F7025292B72E913006327F4 /* MastermindTests */,
			);
		};
/* End PBXProject section */

/* Begin PBXResourcesBuildPhase section */
		0F7025132B72E88B006327F4 /* Resources */ = {
			isa = PBXResourcesBuildPhase;
			buildActionMask = 2147483647;
			files = (
				0F7025202B72E88C006327F4 /* Preview Assets.xcassets in Resources */,
				0F70251D2B72E88C006327F4 /* Assets.xcassets in Resources */,
			);
			runOnlyForDeploymentPostprocessing = 0;
		};
		0F7025282B72E913006327F4 /* Resources */ = {
			isa = PBXResourcesBuildPhase;
			buildActionMask = 2147483647;
			files = (
			);
			runOnlyForDeploymentPostprocessing = 0;
		};
/* End PBXResourcesBuildPhase section */

/* Begin PBXSourcesBuildPhase section */
		0F7025112B72E88B006327F4 /* Sources */ = {
			isa = PBXSourcesBuildPhase;
			buildActionMask = 2147483647;
			files = (
				0F131FA62C2886FF00C2DA67 /* TestableView.swift in Sources */,
				0F12C64B2C443BCB00899BE6 /* InspectableSheet.swift in Sources */,
				0FBA16252C6927FE00D1D3EF /* Game.swift in Sources */,
				0F131FAA2C288DA500C2DA67 /* CodeChoice.swift in Sources */,
				0F70251B2B72E88B006327F4 /* GameScreen.swift in Sources */,
				0FEFB6D42C8E1757006F05D7 /* Guess.swift in Sources */,
				0F38913A2C56B201008BE930 /* SecretMaker.swift in Sources */,
				0F7025192B72E88B006327F4 /* MastermindApp.swift in Sources */,
			);
			runOnlyForDeploymentPostprocessing = 0;
		};
		0F7025262B72E913006327F4 /* Sources */ = {
			isa = PBXSourcesBuildPhase;
			buildActionMask = 2147483647;
			files = (
				0F131FAC2C288E2500C2DA67 /* CodeChoiceTests.swift in Sources */,
				0FF5DCE32B73497600D7E358 /* GameScreenTests.swift in Sources */,
				0F3891382C56AF00008BE930 /* SecretMakerTests.swift in Sources */,
				0F131FA82C28871300C2DA67 /* UpdateTestableView.swift in Sources */,
				0FBA16272C69288100D1D3EF /* GameTests.swift in Sources */,
				0F92F81E2CB2FDD2001B2656 /* SecretTests.swift in Sources */,
				0FEFB6D22C8E1678006F05D7 /* GuessTests.swift in Sources */,
			);
			runOnlyForDeploymentPostprocessing = 0;
		};
/* End PBXSourcesBuildPhase section */

/* Begin PBXTargetDependency section */
		0F70252F2B72E913006327F4 /* PBXTargetDependency */ = {
			isa = PBXTargetDependency;
			target = 0F7025142B72E88B006327F4 /* Mastermind */;
			targetProxy = 0F70252E2B72E913006327F4 /* PBXContainerItemProxy */;
		};
/* End PBXTargetDependency section */

/* Begin XCBuildConfiguration section */
		0F7025212B72E88C006327F4 /* Debug */ = {
			isa = XCBuildConfiguration;
			baseConfigurationReference = 0F92CB1D2B9E56DF001F8E20 /* XcodeWarnings.xcconfig */;
			buildSettings = {
				ALWAYS_SEARCH_USER_PATHS = NO;
				ASSETCATALOG_COMPILER_GENERATE_SWIFT_ASSET_SYMBOL_EXTENSIONS = YES;
				CLANG_CXX_LANGUAGE_STANDARD = "gnu++20";
				CLANG_ENABLE_MODULES = YES;
				CLANG_ENABLE_OBJC_ARC = YES;
				CLANG_ENABLE_OBJC_WEAK = YES;
				COPY_PHASE_STRIP = NO;
				DEBUG_INFORMATION_FORMAT = dwarf;
				ENABLE_STRICT_OBJC_MSGSEND = YES;
				ENABLE_TESTABILITY = YES;
				ENABLE_USER_SCRIPT_SANDBOXING = YES;
				GCC_C_LANGUAGE_STANDARD = gnu17;
				GCC_DYNAMIC_NO_PIC = NO;
				GCC_NO_COMMON_BLOCKS = YES;
				GCC_OPTIMIZATION_LEVEL = 0;
				GCC_PREPROCESSOR_DEFINITIONS = (
					"DEBUG=1",
					"$(inherited)",
				);
				IPHONEOS_DEPLOYMENT_TARGET = 17.2;
				LOCALIZATION_PREFERS_STRING_CATALOGS = YES;
				MTL_ENABLE_DEBUG_INFO = INCLUDE_SOURCE;
				MTL_FAST_MATH = YES;
				ONLY_ACTIVE_ARCH = YES;
				SDKROOT = iphoneos;
				SWIFT_ACTIVE_COMPILATION_CONDITIONS = "DEBUG $(inherited)";
				SWIFT_OPTIMIZATION_LEVEL = "-Onone";
				SWIFT_VERSION = 5.0;
			};
			name = Debug;
		};
		0F7025222B72E88C006327F4 /* Release */ = {
			isa = XCBuildConfiguration;
			baseConfigurationReference = 0F92CB1D2B9E56DF001F8E20 /* XcodeWarnings.xcconfig */;
			buildSettings = {
				ALWAYS_SEARCH_USER_PATHS = NO;
				ASSETCATALOG_COMPILER_GENERATE_SWIFT_ASSET_SYMBOL_EXTENSIONS = YES;
				CLANG_CXX_LANGUAGE_STANDARD = "gnu++20";
				CLANG_ENABLE_MODULES = YES;
				CLANG_ENABLE_OBJC_ARC = YES;
				CLANG_ENABLE_OBJC_WEAK = YES;
				COPY_PHASE_STRIP = NO;
				DEBUG_INFORMATION_FORMAT = "dwarf-with-dsym";
				ENABLE_NS_ASSERTIONS = NO;
				ENABLE_STRICT_OBJC_MSGSEND = YES;
				ENABLE_USER_SCRIPT_SANDBOXING = YES;
				GCC_C_LANGUAGE_STANDARD = gnu17;
				GCC_NO_COMMON_BLOCKS = YES;
				IPHONEOS_DEPLOYMENT_TARGET = 17.2;
				LOCALIZATION_PREFERS_STRING_CATALOGS = YES;
				MTL_ENABLE_DEBUG_INFO = NO;
				MTL_FAST_MATH = YES;
				SDKROOT = iphoneos;
				SWIFT_COMPILATION_MODE = wholemodule;
				SWIFT_VERSION = 5.0;
				VALIDATE_PRODUCT = YES;
			};
			name = Release;
		};
		0F7025242B72E88C006327F4 /* Debug */ = {
			isa = XCBuildConfiguration;
			buildSettings = {
				ASSETCATALOG_COMPILER_APPICON_NAME = AppIcon;
				ASSETCATALOG_COMPILER_GLOBAL_ACCENT_COLOR_NAME = AccentColor;
				CODE_SIGN_STYLE = Automatic;
				CURRENT_PROJECT_VERSION = 1;
				DEVELOPMENT_ASSET_PATHS = "\"Mastermind/Preview Content\"";
				DEVELOPMENT_TEAM = EH4R632375;
				ENABLE_PREVIEWS = YES;
				GENERATE_INFOPLIST_FILE = YES;
				INFOPLIST_KEY_UIApplicationSceneManifest_Generation = YES;
				INFOPLIST_KEY_UIApplicationSupportsIndirectInputEvents = YES;
				INFOPLIST_KEY_UILaunchScreen_Generation = YES;
				INFOPLIST_KEY_UISupportedInterfaceOrientations_iPad = "UIInterfaceOrientationPortrait UIInterfaceOrientationPortraitUpsideDown UIInterfaceOrientationLandscapeLeft UIInterfaceOrientationLandscapeRight";
				INFOPLIST_KEY_UISupportedInterfaceOrientations_iPhone = "UIInterfaceOrientationPortrait UIInterfaceOrientationLandscapeLeft UIInterfaceOrientationLandscapeRight";
				LD_RUNPATH_SEARCH_PATHS = (
					"$(inherited)",
					"@executable_path/Frameworks",
				);
				MARKETING_VERSION = 0.1;
				PRODUCT_BUNDLE_IDENTIFIER = org.qualitycoding.Mastermind;
				PRODUCT_NAME = "$(TARGET_NAME)";
				SWIFT_EMIT_LOC_STRINGS = YES;
				TARGETED_DEVICE_FAMILY = "1,2";
			};
			name = Debug;
		};
		0F7025252B72E88C006327F4 /* Release */ = {
			isa = XCBuildConfiguration;
			buildSettings = {
				ASSETCATALOG_COMPILER_APPICON_NAME = AppIcon;
				ASSETCATALOG_COMPILER_GLOBAL_ACCENT_COLOR_NAME = AccentColor;
				CODE_SIGN_STYLE = Automatic;
				CURRENT_PROJECT_VERSION = 1;
				DEVELOPMENT_ASSET_PATHS = "\"Mastermind/Preview Content\"";
				DEVELOPMENT_TEAM = EH4R632375;
				ENABLE_PREVIEWS = YES;
				GENERATE_INFOPLIST_FILE = YES;
				INFOPLIST_KEY_UIApplicationSceneManifest_Generation = YES;
				INFOPLIST_KEY_UIApplicationSupportsIndirectInputEvents = YES;
				INFOPLIST_KEY_UILaunchScreen_Generation = YES;
				INFOPLIST_KEY_UISupportedInterfaceOrientations_iPad = "UIInterfaceOrientationPortrait UIInterfaceOrientationPortraitUpsideDown UIInterfaceOrientationLandscapeLeft UIInterfaceOrientationLandscapeRight";
				INFOPLIST_KEY_UISupportedInterfaceOrientations_iPhone = "UIInterfaceOrientationPortrait UIInterfaceOrientationLandscapeLeft UIInterfaceOrientationLandscapeRight";
				LD_RUNPATH_SEARCH_PATHS = (
					"$(inherited)",
					"@executable_path/Frameworks",
				);
				MARKETING_VERSION = 0.1;
				PRODUCT_BUNDLE_IDENTIFIER = org.qualitycoding.Mastermind;
				PRODUCT_NAME = "$(TARGET_NAME)";
				SWIFT_EMIT_LOC_STRINGS = YES;
				TARGETED_DEVICE_FAMILY = "1,2";
			};
			name = Release;
		};
		0F7025302B72E913006327F4 /* Debug */ = {
			isa = XCBuildConfiguration;
			buildSettings = {
				BUNDLE_LOADER = "$(TEST_HOST)";
				CODE_SIGN_STYLE = Automatic;
				CURRENT_PROJECT_VERSION = 1;
				DEVELOPMENT_TEAM = EH4R632375;
				GENERATE_INFOPLIST_FILE = YES;
				MARKETING_VERSION = 1.0;
				PRODUCT_BUNDLE_IDENTIFIER = org.qualitycoding.MastermindTests;
				PRODUCT_NAME = "$(TARGET_NAME)";
				SWIFT_EMIT_LOC_STRINGS = NO;
				TARGETED_DEVICE_FAMILY = "1,2";
				TEST_HOST = "$(BUILT_PRODUCTS_DIR)/Mastermind.app/$(BUNDLE_EXECUTABLE_FOLDER_PATH)/Mastermind";
			};
			name = Debug;
		};
		0F7025312B72E913006327F4 /* Release */ = {
			isa = XCBuildConfiguration;
			buildSettings = {
				BUNDLE_LOADER = "$(TEST_HOST)";
				CODE_SIGN_STYLE = Automatic;
				CURRENT_PROJECT_VERSION = 1;
				DEVELOPMENT_TEAM = EH4R632375;
				GENERATE_INFOPLIST_FILE = YES;
				MARKETING_VERSION = 1.0;
				PRODUCT_BUNDLE_IDENTIFIER = org.qualitycoding.MastermindTests;
				PRODUCT_NAME = "$(TARGET_NAME)";
				SWIFT_EMIT_LOC_STRINGS = NO;
				TARGETED_DEVICE_FAMILY = "1,2";
				TEST_HOST = "$(BUILT_PRODUCTS_DIR)/Mastermind.app/$(BUNDLE_EXECUTABLE_FOLDER_PATH)/Mastermind";
			};
			name = Release;
		};
/* End XCBuildConfiguration section */

/* Begin XCConfigurationList section */
		0F7025102B72E88B006327F4 /* Build configuration list for PBXProject "Mastermind" */ = {
			isa = XCConfigurationList;
			buildConfigurations = (
				0F7025212B72E88C006327F4 /* Debug */,
				0F7025222B72E88C006327F4 /* Release */,
			);
			defaultConfigurationIsVisible = 0;
			defaultConfigurationName = Release;
		};
		0F7025232B72E88C006327F4 /* Build configuration list for PBXNativeTarget "Mastermind" */ = {
			isa = XCConfigurationList;
			buildConfigurations = (
				0F7025242B72E88C006327F4 /* Debug */,
				0F7025252B72E88C006327F4 /* Release */,
			);
			defaultConfigurationIsVisible = 0;
			defaultConfigurationName = Release;
		};
		0F7025322B72E913006327F4 /* Build configuration list for PBXNativeTarget "MastermindTests" */ = {
			isa = XCConfigurationList;
			buildConfigurations = (
				0F7025302B72E913006327F4 /* Debug */,
				0F7025312B72E913006327F4 /* Release */,
			);
			defaultConfigurationIsVisible = 0;
			defaultConfigurationName = Release;
		};
/* End XCConfigurationList section */

/* Begin XCRemoteSwiftPackageReference section */
		0F1F6ECF2BA759C7001611A4 /* XCRemoteSwiftPackageReference "ViewInspector" */ = {
			isa = XCRemoteSwiftPackageReference;
			repositoryURL = "https://github.com/nalexn/ViewInspector.git";
			requirement = {
				kind = upToNextMajorVersion;
				minimumVersion = 0.9.10;
			};
		};
/* End XCRemoteSwiftPackageReference section */

/* Begin XCSwiftPackageProductDependency section */
		0F1F6ED02BA759C7001611A4 /* ViewInspector */ = {
			isa = XCSwiftPackageProductDependency;
			package = 0F1F6ECF2BA759C7001611A4 /* XCRemoteSwiftPackageReference "ViewInspector" */;
			productName = ViewInspector;
		};
/* End XCSwiftPackageProductDependency section */
	};
	rootObject = 0F70250D2B72E88B006327F4 /* Project object */;
}
